
Microsoft Visual Studio Solution File, Format Version 12.00
# Visual Studio 15
VisualStudioVersion = 15.0.28010.2048
MinimumVisualStudioVersion = 10.0.40219.1
Project("{FAE04EC0-301F-11D3-BF4B-00C04F79EFBC}") = "WindowsFormsApp3", "WindowsFormsApp3\WindowsFormsApp3.csproj", "{0E491E20-CD3B-430E-A731-8541093B9B78}"
EndProject
Global
	GlobalSection(SolutionConfigurationPlatforms) = preSolution
		Debug|Any CPU = Debug|Any CPU
		Release|Any CPU = Release|Any CPU
	EndGlobalSection
	GlobalSection(ProjectConfigurationPlatforms) = postSolution
		{0E491E20-CD3B-430E-A731-8541093B9B78}.Debug|Any CPU.ActiveCfg = Debug|Any CPU
		{0E491E20-CD3B-430E-A731-8541093B9B78}.Debug|Any CPU.Build.0 = Debug|Any CPU
		{0E491E20-CD3B-430E-A731-8541093B9B78}.Release|Any CPU.ActiveCfg = Release|Any CPU
		{0E491E20-CD3B-430E-A731-8541093B9B78}.Release|Any CPU.Build.0 = Release|Any CPU
	EndGlobalSection
	GlobalSection(SolutionProperties) = preSolution
		HideSolutionNode = FALSE
	EndGlobalSection
	GlobalSection(ExtensibilityGlobals) = postSolution
		SolutionGuid = {5C6DBCCB-C684-4FC9-A112-9C4559353356}
	EndGlobalSection
EndGlobal
